
Microsoft Visual Studio Solution File, Format Version 12.00
# Visual Studio Version 17
VisualStudioVersion = 17.8.34330.188
MinimumVisualStudioVersion = 10.0.40219.1
Project("{9A19103F-16F7-4668-BE54-9A1E7A4F7556}") = "konsola", "konsola\konsola.csproj", "{CA5D7C98-37FF-4C64-ABED-57A5CFEC4CA9}"
EndProject
Project("{FAE04EC0-301F-11D3-BF4B-00C04F79EFBC}") = "MusicTest", "MusicTest\MusicTest.csproj", "{D24A16EF-DC44-4B6A-B4A3-9FA4A726E5C1}"
EndProject
Global
	GlobalSection(SolutionConfigurationPlatforms) = preSolution
		Debug|Any CPU = Debug|Any CPU
		Release|Any CPU = Release|Any CPU
	EndGlobalSection
	GlobalSection(ProjectConfigurationPlatforms) = postSolution
		{CA5D7C98-37FF-4C64-ABED-57A5CFEC4CA9}.Debug|Any CPU.ActiveCfg = Debug|Any CPU
		{CA5D7C98-37FF-4C64-ABED-57A5CFEC4CA9}.Debug|Any CPU.Build.0 = Debug|Any CPU
		{CA5D7C98-37FF-4C64-ABED-57A5CFEC4CA9}.Release|Any CPU.ActiveCfg = Release|Any CPU
		{CA5D7C98-37FF-4C64-ABED-57A5CFEC4CA9}.Release|Any CPU.Build.0 = Release|Any CPU
		{D24A16EF-DC44-4B6A-B4A3-9FA4A726E5C1}.Debug|Any CPU.ActiveCfg = Debug|Any CPU
		{D24A16EF-DC44-4B6A-B4A3-9FA4A726E5C1}.Debug|Any CPU.Build.0 = Debug|Any CPU
		{D24A16EF-DC44-4B6A-B4A3-9FA4A726E5C1}.Release|Any CPU.ActiveCfg = Release|Any CPU
		{D24A16EF-DC44-4B6A-B4A3-9FA4A726E5C1}.Release|Any CPU.Build.0 = Release|Any CPU
	EndGlobalSection
	GlobalSection(SolutionProperties) = preSolution
		HideSolutionNode = FALSE
	EndGlobalSection
	GlobalSection(ExtensibilityGlobals) = postSolution
		SolutionGuid = {61EC0314-07F1-49F9-9FF5-7A2394538BA4}
	EndGlobalSection
EndGlobal
